// !$*UTF8*$!
{
	archiveVersion = 1;
	classes = {
	};
	objectVersion = 55;
	objects = {

/* Begin PBXBuildFile section */
		FF4343DA288C198D006AE428 /* AppDelegate.swift in Sources */ = {isa = PBXBuildFile; fileRef = FF4343D9288C198D006AE428 /* AppDelegate.swift */; };
		FF4343DC288C198D006AE428 /* SceneDelegate.swift in Sources */ = {isa = PBXBuildFile; fileRef = FF4343DB288C198D006AE428 /* SceneDelegate.swift */; };
		FF4343E3288C1997006AE428 /* Assets.xcassets in Resources */ = {isa = PBXBuildFile; fileRef = FF4343E2288C1997006AE428 /* Assets.xcassets */; };
		FF4343F6288C1ABB006AE428 /* ListVC.swift in Sources */ = {isa = PBXBuildFile; fileRef = FF4343F4288C1ABB006AE428 /* ListVC.swift */; };
		FF4343F7288C1ABB006AE428 /* ListVC.xib in Resources */ = {isa = PBXBuildFile; fileRef = FF4343F5288C1ABB006AE428 /* ListVC.xib */; };
		FF4343F9288C20B3006AE428 /* LossesEquipmentData.swift in Sources */ = {isa = PBXBuildFile; fileRef = FF4343F8288C20B3006AE428 /* LossesEquipmentData.swift */; };
		FF4343FB288C23A2006AE428 /* LossesPersonnelData.swift in Sources */ = {isa = PBXBuildFile; fileRef = FF4343FA288C23A2006AE428 /* LossesPersonnelData.swift */; };
		FF4343FD288C2C03006AE428 /* LossesData.swift in Sources */ = {isa = PBXBuildFile; fileRef = FF4343FC288C2C03006AE428 /* LossesData.swift */; };
		FF4343FF288C2D27006AE428 /* NetworkManager.swift in Sources */ = {isa = PBXBuildFile; fileRef = FF4343FE288C2D27006AE428 /* NetworkManager.swift */; };
		FF434402288C2F2C006AE428 /* FileName.swift in Sources */ = {isa = PBXBuildFile; fileRef = FF434401288C2F2C006AE428 /* FileName.swift */; };
		FF434406288C45E1006AE428 /* DayCell.swift in Sources */ = {isa = PBXBuildFile; fileRef = FF434404288C45E1006AE428 /* DayCell.swift */; };
		FF434407288C45E1006AE428 /* DayCell.xib in Resources */ = {isa = PBXBuildFile; fileRef = FF434405288C45E1006AE428 /* DayCell.xib */; };
		FF43440B288C5BB0006AE428 /* DayVC.swift in Sources */ = {isa = PBXBuildFile; fileRef = FF434409288C5BB0006AE428 /* DayVC.swift */; };
		FF43440C288C5BB0006AE428 /* DayVC.xib in Resources */ = {isa = PBXBuildFile; fileRef = FF43440A288C5BB0006AE428 /* DayVC.xib */; };
		FF43440F288C5D64006AE428 /* ShowError.swift in Sources */ = {isa = PBXBuildFile; fileRef = FF43440E288C5D64006AE428 /* ShowError.swift */; };
		FF434413288C6F6C006AE428 /* InfoCell.swift in Sources */ = {isa = PBXBuildFile; fileRef = FF434411288C6F6C006AE428 /* InfoCell.swift */; };
		FF434414288C6F6C006AE428 /* InfoCell.xib in Resources */ = {isa = PBXBuildFile; fileRef = FF434412288C6F6C006AE428 /* InfoCell.xib */; };
/* End PBXBuildFile section */

/* Begin PBXFileReference section */
		FF4343D6288C198D006AE428 /* RussianLosses.app */ = {isa = PBXFileReference; explicitFileType = wrapper.application; includeInIndex = 0; path = RussianLosses.app; sourceTree = BUILT_PRODUCTS_DIR; };
		FF4343D9288C198D006AE428 /* AppDelegate.swift */ = {isa = PBXFileReference; lastKnownFileType = sourcecode.swift; path = AppDelegate.swift; sourceTree = "<group>"; };
		FF4343DB288C198D006AE428 /* SceneDelegate.swift */ = {isa = PBXFileReference; lastKnownFileType = sourcecode.swift; path = SceneDelegate.swift; sourceTree = "<group>"; };
		FF4343E2288C1997006AE428 /* Assets.xcassets */ = {isa = PBXFileReference; lastKnownFileType = folder.assetcatalog; path = Assets.xcassets; sourceTree = "<group>"; };
		FF4343E7288C1997006AE428 /* Info.plist */ = {isa = PBXFileReference; lastKnownFileType = text.plist.xml; path = Info.plist; sourceTree = "<group>"; };
		FF4343F4288C1ABB006AE428 /* ListVC.swift */ = {isa = PBXFileReference; lastKnownFileType = sourcecode.swift; path = ListVC.swift; sourceTree = "<group>"; };
		FF4343F5288C1ABB006AE428 /* ListVC.xib */ = {isa = PBXFileReference; lastKnownFileType = file.xib; path = ListVC.xib; sourceTree = "<group>"; };
		FF4343F8288C20B3006AE428 /* LossesEquipmentData.swift */ = {isa = PBXFileReference; lastKnownFileType = sourcecode.swift; path = LossesEquipmentData.swift; sourceTree = "<group>"; };
		FF4343FA288C23A2006AE428 /* LossesPersonnelData.swift */ = {isa = PBXFileReference; lastKnownFileType = sourcecode.swift; path = LossesPersonnelData.swift; sourceTree = "<group>"; };
		FF4343FC288C2C03006AE428 /* LossesData.swift */ = {isa = PBXFileReference; lastKnownFileType = sourcecode.swift; path = LossesData.swift; sourceTree = "<group>"; };
		FF4343FE288C2D27006AE428 /* NetworkManager.swift */ = {isa = PBXFileReference; lastKnownFileType = sourcecode.swift; path = NetworkManager.swift; sourceTree = "<group>"; };
		FF434401288C2F2C006AE428 /* FileName.swift */ = {isa = PBXFileReference; lastKnownFileType = sourcecode.swift; path = FileName.swift; sourceTree = "<group>"; };
		FF434404288C45E1006AE428 /* DayCell.swift */ = {isa = PBXFileReference; lastKnownFileType = sourcecode.swift; path = DayCell.swift; sourceTree = "<group>"; };
		FF434405288C45E1006AE428 /* DayCell.xib */ = {isa = PBXFileReference; lastKnownFileType = file.xib; path = DayCell.xib; sourceTree = "<group>"; };
		FF434409288C5BB0006AE428 /* DayVC.swift */ = {isa = PBXFileReference; lastKnownFileType = sourcecode.swift; path = DayVC.swift; sourceTree = "<group>"; };
		FF43440A288C5BB0006AE428 /* DayVC.xib */ = {isa = PBXFileReference; lastKnownFileType = file.xib; path = DayVC.xib; sourceTree = "<group>"; };
		FF43440E288C5D64006AE428 /* ShowError.swift */ = {isa = PBXFileReference; lastKnownFileType = sourcecode.swift; path = ShowError.swift; sourceTree = "<group>"; };
		FF434411288C6F6C006AE428 /* InfoCell.swift */ = {isa = PBXFileReference; lastKnownFileType = sourcecode.swift; path = InfoCell.swift; sourceTree = "<group>"; };
		FF434412288C6F6C006AE428 /* InfoCell.xib */ = {isa = PBXFileReference; lastKnownFileType = file.xib; path = InfoCell.xib; sourceTree = "<group>"; };
/* End PBXFileReference section */

/* Begin PBXFrameworksBuildPhase section */
		FF4343D3288C198D006AE428 /* Frameworks */ = {
			isa = PBXFrameworksBuildPhase;
			buildActionMask = 2147483647;
			files = (
			);
			runOnlyForDeploymentPostprocessing = 0;
		};
/* End PBXFrameworksBuildPhase section */

/* Begin PBXGroup section */
		FF4343CD288C198C006AE428 = {
			isa = PBXGroup;
			children = (
				FF4343D8288C198D006AE428 /* RussianLosses */,
				FF4343D7288C198D006AE428 /* Products */,
			);
			sourceTree = "<group>";
		};
		FF4343D7288C198D006AE428 /* Products */ = {
			isa = PBXGroup;
			children = (
				FF4343D6288C198D006AE428 /* RussianLosses.app */,
			);
			name = Products;
			sourceTree = "<group>";
		};
		FF4343D8288C198D006AE428 /* RussianLosses */ = {
			isa = PBXGroup;
			children = (
				FF43440D288C5D52006AE428 /* Extension */,
				FF434400288C2F12006AE428 /* Enum */,
				FF4343F2288C1A04006AE428 /* Resources */,
				FF4343F1288C19FE006AE428 /* App */,
				FF4343F0288C19F1006AE428 /* Model */,
				FF4343EF288C19EB006AE428 /* Controller */,
				FF4343EE288C19E1006AE428 /* View */,
				FF4343ED288C19D4006AE428 /* Manager */,
			);
			path = RussianLosses;
			sourceTree = "<group>";
		};
		FF4343ED288C19D4006AE428 /* Manager */ = {
			isa = PBXGroup;
			children = (
				FF4343FE288C2D27006AE428 /* NetworkManager.swift */,
			);
			path = Manager;
			sourceTree = "<group>";
		};
		FF4343EE288C19E1006AE428 /* View */ = {
			isa = PBXGroup;
			children = (
				FF434410288C6F4D006AE428 /* InfoCell */,
				FF434403288C45BB006AE428 /* DayCell */,
			);
			path = View;
			sourceTree = "<group>";
		};
		FF4343EF288C19EB006AE428 /* Controller */ = {
			isa = PBXGroup;
			children = (
				FF434408288C5B90006AE428 /* DayVC */,
				FF4343F3288C1A88006AE428 /* ListVC */,
			);
			path = Controller;
			sourceTree = "<group>";
		};
		FF4343F0288C19F1006AE428 /* Model */ = {
			isa = PBXGroup;
			children = (
				FF4343F8288C20B3006AE428 /* LossesEquipmentData.swift */,
				FF4343FA288C23A2006AE428 /* LossesPersonnelData.swift */,
				FF4343FC288C2C03006AE428 /* LossesData.swift */,
			);
			path = Model;
			sourceTree = "<group>";
		};
		FF4343F1288C19FE006AE428 /* App */ = {
			isa = PBXGroup;
			children = (
				FF4343D9288C198D006AE428 /* AppDelegate.swift */,
				FF4343DB288C198D006AE428 /* SceneDelegate.swift */,
				FF4343E7288C1997006AE428 /* Info.plist */,
			);
			path = App;
			sourceTree = "<group>";
		};
		FF4343F2288C1A04006AE428 /* Resources */ = {
			isa = PBXGroup;
			children = (
				FF4343E2288C1997006AE428 /* Assets.xcassets */,
			);
			path = Resources;
			sourceTree = "<group>";
		};
		FF4343F3288C1A88006AE428 /* ListVC */ = {
			isa = PBXGroup;
			children = (
				FF4343F4288C1ABB006AE428 /* ListVC.swift */,
				FF4343F5288C1ABB006AE428 /* ListVC.xib */,
			);
			path = ListVC;
			sourceTree = "<group>";
		};
		FF434400288C2F12006AE428 /* Enum */ = {
			isa = PBXGroup;
			children = (
				FF434401288C2F2C006AE428 /* FileName.swift */,
			);
			path = Enum;
			sourceTree = "<group>";
		};
		FF434403288C45BB006AE428 /* DayCell */ = {
			isa = PBXGroup;
			children = (
				FF434404288C45E1006AE428 /* DayCell.swift */,
				FF434405288C45E1006AE428 /* DayCell.xib */,
			);
			path = DayCell;
			sourceTree = "<group>";
		};
		FF434408288C5B90006AE428 /* DayVC */ = {
			isa = PBXGroup;
			children = (
				FF434409288C5BB0006AE428 /* DayVC.swift */,
				FF43440A288C5BB0006AE428 /* DayVC.xib */,
			);
			path = DayVC;
			sourceTree = "<group>";
		};
		FF43440D288C5D52006AE428 /* Extension */ = {
			isa = PBXGroup;
			children = (
				FF43440E288C5D64006AE428 /* ShowError.swift */,
			);
			path = Extension;
			sourceTree = "<group>";
		};
		FF434410288C6F4D006AE428 /* InfoCell */ = {
			isa = PBXGroup;
			children = (
				FF434411288C6F6C006AE428 /* InfoCell.swift */,
				FF434412288C6F6C006AE428 /* InfoCell.xib */,
			);
			path = InfoCell;
			sourceTree = "<group>";
		};
/* End PBXGroup section */

/* Begin PBXNativeTarget section */
		FF4343D5288C198D006AE428 /* RussianLosses */ = {
			isa = PBXNativeTarget;
			buildConfigurationList = FF4343EA288C1997006AE428 /* Build configuration list for PBXNativeTarget "RussianLosses" */;
			buildPhases = (
				FF4343D2288C198D006AE428 /* Sources */,
				FF4343D3288C198D006AE428 /* Frameworks */,
				FF4343D4288C198D006AE428 /* Resources */,
			);
			buildRules = (
			);
			dependencies = (
			);
			name = RussianLosses;
			productName = RussianLosses;
			productReference = FF4343D6288C198D006AE428 /* RussianLosses.app */;
			productType = "com.apple.product-type.application";
		};
/* End PBXNativeTarget section */

/* Begin PBXProject section */
		FF4343CE288C198C006AE428 /* Project object */ = {
			isa = PBXProject;
			attributes = {
				BuildIndependentTargetsInParallel = 1;
				LastSwiftUpdateCheck = 1340;
				LastUpgradeCheck = 1340;
				TargetAttributes = {
					FF4343D5288C198D006AE428 = {
						CreatedOnToolsVersion = 13.4.1;
					};
				};
			};
			buildConfigurationList = FF4343D1288C198C006AE428 /* Build configuration list for PBXProject "RussianLosses" */;
			compatibilityVersion = "Xcode 13.0";
			developmentRegion = en;
			hasScannedForEncodings = 0;
			knownRegions = (
				en,
				Base,
			);
			mainGroup = FF4343CD288C198C006AE428;
			productRefGroup = FF4343D7288C198D006AE428 /* Products */;
			projectDirPath = "";
			projectRoot = "";
			targets = (
				FF4343D5288C198D006AE428 /* RussianLosses */,
			);
		};
/* End PBXProject section */

/* Begin PBXResourcesBuildPhase section */
		FF4343D4288C198D006AE428 /* Resources */ = {
			isa = PBXResourcesBuildPhase;
			buildActionMask = 2147483647;
			files = (
				FF4343F7288C1ABB006AE428 /* ListVC.xib in Resources */,
				FF434414288C6F6C006AE428 /* InfoCell.xib in Resources */,
				FF43440C288C5BB0006AE428 /* DayVC.xib in Resources */,
				FF434407288C45E1006AE428 /* DayCell.xib in Resources */,
				FF4343E3288C1997006AE428 /* Assets.xcassets in Resources */,
			);
			runOnlyForDeploymentPostprocessing = 0;
		};
/* End PBXResourcesBuildPhase section */

/* Begin PBXSourcesBuildPhase section */
		FF4343D2288C198D006AE428 /* Sources */ = {
			isa = PBXSourcesBuildPhase;
			buildActionMask = 2147483647;
			files = (
				FF4343F6288C1ABB006AE428 /* ListVC.swift in Sources */,
				FF43440F288C5D64006AE428 /* ShowError.swift in Sources */,
				FF434406288C45E1006AE428 /* DayCell.swift in Sources */,
				FF4343DA288C198D006AE428 /* AppDelegate.swift in Sources */,
				FF43440B288C5BB0006AE428 /* DayVC.swift in Sources */,
				FF434413288C6F6C006AE428 /* InfoCell.swift in Sources */,
				FF434402288C2F2C006AE428 /* FileName.swift in Sources */,
				FF4343FD288C2C03006AE428 /* LossesData.swift in Sources */,
				FF4343FF288C2D27006AE428 /* NetworkManager.swift in Sources */,
				FF4343DC288C198D006AE428 /* SceneDelegate.swift in Sources */,
				FF4343F9288C20B3006AE428 /* LossesEquipmentData.swift in Sources */,
				FF4343FB288C23A2006AE428 /* LossesPersonnelData.swift in Sources */,
			);
			runOnlyForDeploymentPostprocessing = 0;
		};
/* End PBXSourcesBuildPhase section */

/* Begin XCBuildConfiguration section */
		FF4343E8288C1997006AE428 /* Debug */ = {
			isa = XCBuildConfiguration;
			buildSettings = {
				ALWAYS_SEARCH_USER_PATHS = NO;
				CLANG_ANALYZER_NONNULL = YES;
				CLANG_ANALYZER_NUMBER_OBJECT_CONVERSION = YES_AGGRESSIVE;
				CLANG_CXX_LANGUAGE_STANDARD = "gnu++17";
				CLANG_ENABLE_MODULES = YES;
				CLANG_ENABLE_OBJC_ARC = YES;
				CLANG_ENABLE_OBJC_WEAK = YES;
				CLANG_WARN_BLOCK_CAPTURE_AUTORELEASING = YES;
				CLANG_WARN_BOOL_CONVERSION = YES;
				CLANG_WARN_COMMA = YES;
				CLANG_WARN_CONSTANT_CONVERSION = YES;
				CLANG_WARN_DEPRECATED_OBJC_IMPLEMENTATIONS = YES;
				CLANG_WARN_DIRECT_OBJC_ISA_USAGE = YES_ERROR;
				CLANG_WARN_DOCUMENTATION_COMMENTS = YES;
				CLANG_WARN_EMPTY_BODY = YES;
				CLANG_WARN_ENUM_CONVERSION = YES;
				CLANG_WARN_INFINITE_RECURSION = YES;
				CLANG_WARN_INT_CONVERSION = YES;
				CLANG_WARN_NON_LITERAL_NULL_CONVERSION = YES;
				CLANG_WARN_OBJC_IMPLICIT_RETAIN_SELF = YES;
				CLANG_WARN_OBJC_LITERAL_CONVERSION = YES;
				CLANG_WARN_OBJC_ROOT_CLASS = YES_ERROR;
				CLANG_WARN_QUOTED_INCLUDE_IN_FRAMEWORK_HEADER = YES;
				CLANG_WARN_RANGE_LOOP_ANALYSIS = YES;
				CLANG_WARN_STRICT_PROTOTYPES = YES;
				CLANG_WARN_SUSPICIOUS_MOVE = YES;
				CLANG_WARN_UNGUARDED_AVAILABILITY = YES_AGGRESSIVE;
				CLANG_WARN_UNREACHABLE_CODE = YES;
				CLANG_WARN__DUPLICATE_METHOD_MATCH = YES;
				COPY_PHASE_STRIP = NO;
				DEBUG_INFORMATION_FORMAT = dwarf;
				ENABLE_STRICT_OBJC_MSGSEND = YES;
				ENABLE_TESTABILITY = YES;
				GCC_C_LANGUAGE_STANDARD = gnu11;
				GCC_DYNAMIC_NO_PIC = NO;
				GCC_NO_COMMON_BLOCKS = YES;
				GCC_OPTIMIZATION_LEVEL = 0;
				GCC_PREPROCESSOR_DEFINITIONS = (
					"DEBUG=1",
					"$(inherited)",
				);
				GCC_WARN_64_TO_32_BIT_CONVERSION = YES;
				GCC_WARN_ABOUT_RETURN_TYPE = YES_ERROR;
				GCC_WARN_UNDECLARED_SELECTOR = YES;
				GCC_WARN_UNINITIALIZED_AUTOS = YES_AGGRESSIVE;
				GCC_WARN_UNUSED_FUNCTION = YES;
				GCC_WARN_UNUSED_VARIABLE = YES;
				IPHONEOS_DEPLOYMENT_TARGET = 15.5;
				MTL_ENABLE_DEBUG_INFO = INCLUDE_SOURCE;
				MTL_FAST_MATH = YES;
				ONLY_ACTIVE_ARCH = YES;
				SDKROOT = iphoneos;
				SWIFT_ACTIVE_COMPILATION_CONDITIONS = DEBUG;
				SWIFT_OPTIMIZATION_LEVEL = "-Onone";
			};
			name = Debug;
		};
		FF4343E9288C1997006AE428 /* Release */ = {
			isa = XCBuildConfiguration;
			buildSettings = {
				ALWAYS_SEARCH_USER_PATHS = NO;
				CLANG_ANALYZER_NONNULL = YES;
				CLANG_ANALYZER_NUMBER_OBJECT_CONVERSION = YES_AGGRESSIVE;
				CLANG_CXX_LANGUAGE_STANDARD = "gnu++17";
				CLANG_ENABLE_MODULES = YES;
				CLANG_ENABLE_OBJC_ARC = YES;
				CLANG_ENABLE_OBJC_WEAK = YES;
				CLANG_WARN_BLOCK_CAPTURE_AUTORELEASING = YES;
				CLANG_WARN_BOOL_CONVERSION = YES;
				CLANG_WARN_COMMA = YES;
				CLANG_WARN_CONSTANT_CONVERSION = YES;
				CLANG_WARN_DEPRECATED_OBJC_IMPLEMENTATIONS = YES;
				CLANG_WARN_DIRECT_OBJC_ISA_USAGE = YES_ERROR;
				CLANG_WARN_DOCUMENTATION_COMMENTS = YES;
				CLANG_WARN_EMPTY_BODY = YES;
				CLANG_WARN_ENUM_CONVERSION = YES;
				CLANG_WARN_INFINITE_RECURSION = YES;
				CLANG_WARN_INT_CONVERSION = YES;
				CLANG_WARN_NON_LITERAL_NULL_CONVERSION = YES;
				CLANG_WARN_OBJC_IMPLICIT_RETAIN_SELF = YES;
				CLANG_WARN_OBJC_LITERAL_CONVERSION = YES;
				CLANG_WARN_OBJC_ROOT_CLASS = YES_ERROR;
				CLANG_WARN_QUOTED_INCLUDE_IN_FRAMEWORK_HEADER = YES;
				CLANG_WARN_RANGE_LOOP_ANALYSIS = YES;
				CLANG_WARN_STRICT_PROTOTYPES = YES;
				CLANG_WARN_SUSPICIOUS_MOVE = YES;
				CLANG_WARN_UNGUARDED_AVAILABILITY = YES_AGGRESSIVE;
				CLANG_WARN_UNREACHABLE_CODE = YES;
				CLANG_WARN__DUPLICATE_METHOD_MATCH = YES;
				COPY_PHASE_STRIP = NO;
				DEBUG_INFORMATION_FORMAT = "dwarf-with-dsym";
				ENABLE_NS_ASSERTIONS = NO;
				ENABLE_STRICT_OBJC_MSGSEND = YES;
				GCC_C_LANGUAGE_STANDARD = gnu11;
				GCC_NO_COMMON_BLOCKS = YES;
				GCC_WARN_64_TO_32_BIT_CONVERSION = YES;
				GCC_WARN_ABOUT_RETURN_TYPE = YES_ERROR;
				GCC_WARN_UNDECLARED_SELECTOR = YES;
				GCC_WARN_UNINITIALIZED_AUTOS = YES_AGGRESSIVE;
				GCC_WARN_UNUSED_FUNCTION = YES;
				GCC_WARN_UNUSED_VARIABLE = YES;
				IPHONEOS_DEPLOYMENT_TARGET = 15.5;
				MTL_ENABLE_DEBUG_INFO = NO;
				MTL_FAST_MATH = YES;
				SDKROOT = iphoneos;
				SWIFT_COMPILATION_MODE = wholemodule;
				SWIFT_OPTIMIZATION_LEVEL = "-Onone";
				VALIDATE_PRODUCT = YES;
			};
			name = Release;
		};
		FF4343EB288C1997006AE428 /* Debug */ = {
			isa = XCBuildConfiguration;
			buildSettings = {
				ASSETCATALOG_COMPILER_APPICON_NAME = AppIcon;
				ASSETCATALOG_COMPILER_GLOBAL_ACCENT_COLOR_NAME = AccentColor;
				CODE_SIGN_STYLE = Automatic;
				CURRENT_PROJECT_VERSION = 1;
				DEVELOPMENT_TEAM = AF68Y4A9MG;
				GENERATE_INFOPLIST_FILE = YES;
				INFOPLIST_FILE = RussianLosses/App/Info.plist;
				INFOPLIST_KEY_UIApplicationSupportsIndirectInputEvents = YES;
				INFOPLIST_KEY_UILaunchStoryboardName = LaunchScreen;
				INFOPLIST_KEY_UISupportedInterfaceOrientations_iPad = "UIInterfaceOrientationPortrait UIInterfaceOrientationPortraitUpsideDown UIInterfaceOrientationLandscapeLeft UIInterfaceOrientationLandscapeRight";
				INFOPLIST_KEY_UISupportedInterfaceOrientations_iPhone = "UIInterfaceOrientationPortrait UIInterfaceOrientationLandscapeLeft UIInterfaceOrientationLandscapeRight";
				LD_RUNPATH_SEARCH_PATHS = (
					"$(inherited)",
					"@executable_path/Frameworks",
				);
				MARKETING_VERSION = 1.0;
				PRODUCT_BUNDLE_IDENTIFIER = "-.RussianLosses";
				PRODUCT_NAME = "$(TARGET_NAME)";
				SWIFT_EMIT_LOC_STRINGS = YES;
				SWIFT_VERSION = 5.0;
				TARGETED_DEVICE_FAMILY = "1,2";
			};
			name = Debug;
		};
		FF4343EC288C1997006AE428 /* Release */ = {
			isa = XCBuildConfiguration;
			buildSettings = {
				ASSETCATALOG_COMPILER_APPICON_NAME = AppIcon;
				ASSETCATALOG_COMPILER_GLOBAL_ACCENT_COLOR_NAME = AccentColor;
				CODE_SIGN_STYLE = Automatic;
				CURRENT_PROJECT_VERSION = 1;
				DEVELOPMENT_TEAM = AF68Y4A9MG;
				GENERATE_INFOPLIST_FILE = YES;
				INFOPLIST_FILE = RussianLosses/App/Info.plist;
				INFOPLIST_KEY_UIApplicationSupportsIndirectInputEvents = YES;
				INFOPLIST_KEY_UILaunchStoryboardName = LaunchScreen;
				INFOPLIST_KEY_UISupportedInterfaceOrientations_iPad = "UIInterfaceOrientationPortrait UIInterfaceOrientationPortraitUpsideDown UIInterfaceOrientationLandscapeLeft UIInterfaceOrientationLandscapeRight";
				INFOPLIST_KEY_UISupportedInterfaceOrientations_iPhone = "UIInterfaceOrientationPortrait UIInterfaceOrientationLandscapeLeft UIInterfaceOrientationLandscapeRight";
				LD_RUNPATH_SEARCH_PATHS = (
					"$(inherited)",
					"@executable_path/Frameworks",
				);
				MARKETING_VERSION = 1.0;
				PRODUCT_BUNDLE_IDENTIFIER = "-.RussianLosses";
				PRODUCT_NAME = "$(TARGET_NAME)";
				SWIFT_EMIT_LOC_STRINGS = YES;
				SWIFT_VERSION = 5.0;
				TARGETED_DEVICE_FAMILY = "1,2";
			};
			name = Release;
		};
/* End XCBuildConfiguration section */

/* Begin XCConfigurationList section */
		FF4343D1288C198C006AE428 /* Build configuration list for PBXProject "RussianLosses" */ = {
			isa = XCConfigurationList;
			buildConfigurations = (
				FF4343E8288C1997006AE428 /* Debug */,
				FF4343E9288C1997006AE428 /* Release */,
			);
			defaultConfigurationIsVisible = 0;
			defaultConfigurationName = Release;
		};
		FF4343EA288C1997006AE428 /* Build configuration list for PBXNativeTarget "RussianLosses" */ = {
			isa = XCConfigurationList;
			buildConfigurations = (
				FF4343EB288C1997006AE428 /* Debug */,
				FF4343EC288C1997006AE428 /* Release */,
			);
			defaultConfigurationIsVisible = 0;
			defaultConfigurationName = Release;
		};
/* End XCConfigurationList section */
	};
	rootObject = FF4343CE288C198C006AE428 /* Project object */;
}
